
Microsoft Visual Studio Solution File, Format Version 12.00
# Visual Studio Version 16
VisualStudioVersion = 16.0.30717.126
MinimumVisualStudioVersion = 10.0.40219.1
Project("{9A19103F-16F7-4668-BE54-9A1E7A4F7556}") = "GithubActionsExamples", "GithubActionsExamples.csproj", "{73987575-C39A-4911-A0EE-11F0E33320E7}"
EndProject
Project("{FAE04EC0-301F-11D3-BF4B-00C04F79EFBC}") = "GithubActionsExamples.UnitTests", "..\GithubActionsExamples.UnitTests\GithubActionsExamples.UnitTests.csproj", "{798B2B8A-443A-442D-A70C-5294AD02D415}"
EndProject
Global
	GlobalSection(SolutionConfigurationPlatforms) = preSolution
		Debug|Any CPU = Debug|Any CPU
		Release|Any CPU = Release|Any CPU
	EndGlobalSection
	GlobalSection(ProjectConfigurationPlatforms) = postSolution
		{73987575-C39A-4911-A0EE-11F0E33320E7}.Debug|Any CPU.ActiveCfg = Debug|Any CPU
		{73987575-C39A-4911-A0EE-11F0E33320E7}.Debug|Any CPU.Build.0 = Debug|Any CPU
		{73987575-C39A-4911-A0EE-11F0E33320E7}.Release|Any CPU.ActiveCfg = Release|Any CPU
		{73987575-C39A-4911-A0EE-11F0E33320E7}.Release|Any CPU.Build.0 = Release|Any CPU
		{798B2B8A-443A-442D-A70C-5294AD02D415}.Debug|Any CPU.ActiveCfg = Debug|Any CPU
		{798B2B8A-443A-442D-A70C-5294AD02D415}.Debug|Any CPU.Build.0 = Debug|Any CPU
		{798B2B8A-443A-442D-A70C-5294AD02D415}.Release|Any CPU.ActiveCfg = Release|Any CPU
		{798B2B8A-443A-442D-A70C-5294AD02D415}.Release|Any CPU.Build.0 = Release|Any CPU
	EndGlobalSection
	GlobalSection(SolutionProperties) = preSolution
		HideSolutionNode = FALSE
	EndGlobalSection
	GlobalSection(ExtensibilityGlobals) = postSolution
		SolutionGuid = {6EED3499-44DD-4A07-80C5-5B1E528AA7EE}
	EndGlobalSection
EndGlobal
